
Microsoft Visual Studio Solution File, Format Version 12.00
# Visual Studio Version 16
VisualStudioVersion = 16.0.35130.168
MinimumVisualStudioVersion = 10.0.40219.1
Project("{FAE04EC0-301F-11D3-BF4B-00C04F79EFBC}") = "change_color", "change_color.csproj", "{FEFD48DF-7526-41FC-BDE6-B71EBF2AE642}"
EndProject
Global
	GlobalSection(SolutionConfigurationPlatforms) = preSolution
		Debug|Any CPU = Debug|Any CPU
		Release|Any CPU = Release|Any CPU
	EndGlobalSection
	GlobalSection(ProjectConfigurationPlatforms) = postSolution
		{FEFD48DF-7526-41FC-BDE6-B71EBF2AE642}.Debug|Any CPU.ActiveCfg = Debug|Any CPU
		{FEFD48DF-7526-41FC-BDE6-B71EBF2AE642}.Debug|Any CPU.Build.0 = Debug|Any CPU
		{FEFD48DF-7526-41FC-BDE6-B71EBF2AE642}.Release|Any CPU.ActiveCfg = Release|Any CPU
		{FEFD48DF-7526-41FC-BDE6-B71EBF2AE642}.Release|Any CPU.Build.0 = Release|Any CPU
	EndGlobalSection
	GlobalSection(SolutionProperties) = preSolution
		HideSolutionNode = FALSE
	EndGlobalSection
	GlobalSection(ExtensibilityGlobals) = postSolution
		SolutionGuid = {89ADA6CA-7D30-458E-B9F0-1F9A82CDBE90}
	EndGlobalSection
EndGlobal
