
Microsoft Visual Studio Solution File, Format Version 12.00
# Visual Studio Version 16
VisualStudioVersion = 16.0.35130.168
MinimumVisualStudioVersion = 10.0.40219.1
Project("{FAE04EC0-301F-11D3-BF4B-00C04F79EFBC}") = "Second_project", "Second_project.csproj", "{B8117E37-4A4A-4F66-959E-E800EB0B106C}"
EndProject
Global
	GlobalSection(SolutionConfigurationPlatforms) = preSolution
		Debug|Any CPU = Debug|Any CPU
		Release|Any CPU = Release|Any CPU
	EndGlobalSection
	GlobalSection(ProjectConfigurationPlatforms) = postSolution
		{B8117E37-4A4A-4F66-959E-E800EB0B106C}.Debug|Any CPU.ActiveCfg = Debug|Any CPU
		{B8117E37-4A4A-4F66-959E-E800EB0B106C}.Debug|Any CPU.Build.0 = Debug|Any CPU
		{B8117E37-4A4A-4F66-959E-E800EB0B106C}.Release|Any CPU.ActiveCfg = Release|Any CPU
		{B8117E37-4A4A-4F66-959E-E800EB0B106C}.Release|Any CPU.Build.0 = Release|Any CPU
	EndGlobalSection
	GlobalSection(SolutionProperties) = preSolution
		HideSolutionNode = FALSE
	EndGlobalSection
	GlobalSection(ExtensibilityGlobals) = postSolution
		SolutionGuid = {BF99CDAD-9C1A-4C9E-9842-BA84B36F146C}
	EndGlobalSection
EndGlobal
