
Microsoft Visual Studio Solution File, Format Version 12.00
# Visual Studio Version 16
VisualStudioVersion = 16.0.35130.168
MinimumVisualStudioVersion = 10.0.40219.1
Project("{FAE04EC0-301F-11D3-BF4B-00C04F79EFBC}") = "Task_03", "Task_03.csproj", "{C34C95CF-8701-4C49-AA5F-45023584B965}"
EndProject
Global
	GlobalSection(SolutionConfigurationPlatforms) = preSolution
		Debug|Any CPU = Debug|Any CPU
		Release|Any CPU = Release|Any CPU
	EndGlobalSection
	GlobalSection(ProjectConfigurationPlatforms) = postSolution
		{C34C95CF-8701-4C49-AA5F-45023584B965}.Debug|Any CPU.ActiveCfg = Debug|Any CPU
		{C34C95CF-8701-4C49-AA5F-45023584B965}.Debug|Any CPU.Build.0 = Debug|Any CPU
		{C34C95CF-8701-4C49-AA5F-45023584B965}.Release|Any CPU.ActiveCfg = Release|Any CPU
		{C34C95CF-8701-4C49-AA5F-45023584B965}.Release|Any CPU.Build.0 = Release|Any CPU
	EndGlobalSection
	GlobalSection(SolutionProperties) = preSolution
		HideSolutionNode = FALSE
	EndGlobalSection
	GlobalSection(ExtensibilityGlobals) = postSolution
		SolutionGuid = {692B87D1-FCA9-45A7-950F-FD1DF1F9DB01}
	EndGlobalSection
EndGlobal
