
Microsoft Visual Studio Solution File, Format Version 12.00
# Visual Studio Version 16
VisualStudioVersion = 16.0.35130.168
MinimumVisualStudioVersion = 10.0.40219.1
Project("{FAE04EC0-301F-11D3-BF4B-00C04F79EFBC}") = "PeriodicTableExplorer", "PeriodicTableExplorer.csproj", "{D2887285-A3C9-443D-9831-0F555BF94AF7}"
EndProject
Global
	GlobalSection(SolutionConfigurationPlatforms) = preSolution
		Debug|Any CPU = Debug|Any CPU
		Release|Any CPU = Release|Any CPU
	EndGlobalSection
	GlobalSection(ProjectConfigurationPlatforms) = postSolution
		{D2887285-A3C9-443D-9831-0F555BF94AF7}.Debug|Any CPU.ActiveCfg = Debug|Any CPU
		{D2887285-A3C9-443D-9831-0F555BF94AF7}.Debug|Any CPU.Build.0 = Debug|Any CPU
		{D2887285-A3C9-443D-9831-0F555BF94AF7}.Release|Any CPU.ActiveCfg = Release|Any CPU
		{D2887285-A3C9-443D-9831-0F555BF94AF7}.Release|Any CPU.Build.0 = Release|Any CPU
	EndGlobalSection
	GlobalSection(SolutionProperties) = preSolution
		HideSolutionNode = FALSE
	EndGlobalSection
	GlobalSection(ExtensibilityGlobals) = postSolution
		SolutionGuid = {08F75F9E-2AC5-4997-AFD3-7FD74B628ABD}
	EndGlobalSection
EndGlobal
