
Microsoft Visual Studio Solution File, Format Version 12.00
# Visual Studio Version 16
VisualStudioVersion = 16.0.35130.168
MinimumVisualStudioVersion = 10.0.40219.1
Project("{FAE04EC0-301F-11D3-BF4B-00C04F79EFBC}") = "task-04", "task-04.csproj", "{9FEFC556-077D-46A3-889C-7607DB55EE27}"
EndProject
Global
	GlobalSection(SolutionConfigurationPlatforms) = preSolution
		Debug|Any CPU = Debug|Any CPU
		Release|Any CPU = Release|Any CPU
	EndGlobalSection
	GlobalSection(ProjectConfigurationPlatforms) = postSolution
		{9FEFC556-077D-46A3-889C-7607DB55EE27}.Debug|Any CPU.ActiveCfg = Debug|Any CPU
		{9FEFC556-077D-46A3-889C-7607DB55EE27}.Debug|Any CPU.Build.0 = Debug|Any CPU
		{9FEFC556-077D-46A3-889C-7607DB55EE27}.Release|Any CPU.ActiveCfg = Release|Any CPU
		{9FEFC556-077D-46A3-889C-7607DB55EE27}.Release|Any CPU.Build.0 = Release|Any CPU
	EndGlobalSection
	GlobalSection(SolutionProperties) = preSolution
		HideSolutionNode = FALSE
	EndGlobalSection
	GlobalSection(ExtensibilityGlobals) = postSolution
		SolutionGuid = {8CCAE1B5-4D4E-4D3F-B138-8A75F6203E7F}
	EndGlobalSection
EndGlobal
