
Microsoft Visual Studio Solution File, Format Version 12.00
# Visual Studio Version 16
VisualStudioVersion = 16.0.35130.168
MinimumVisualStudioVersion = 10.0.40219.1
Project("{FAE04EC0-301F-11D3-BF4B-00C04F79EFBC}") = "Class_Task", "Class_Task.csproj", "{8A0FBF8D-FDDF-4A82-8A1F-88A5760D3096}"
EndProject
Global
	GlobalSection(SolutionConfigurationPlatforms) = preSolution
		Debug|Any CPU = Debug|Any CPU
		Release|Any CPU = Release|Any CPU
	EndGlobalSection
	GlobalSection(ProjectConfigurationPlatforms) = postSolution
		{8A0FBF8D-FDDF-4A82-8A1F-88A5760D3096}.Debug|Any CPU.ActiveCfg = Debug|Any CPU
		{8A0FBF8D-FDDF-4A82-8A1F-88A5760D3096}.Debug|Any CPU.Build.0 = Debug|Any CPU
		{8A0FBF8D-FDDF-4A82-8A1F-88A5760D3096}.Release|Any CPU.ActiveCfg = Release|Any CPU
		{8A0FBF8D-FDDF-4A82-8A1F-88A5760D3096}.Release|Any CPU.Build.0 = Release|Any CPU
	EndGlobalSection
	GlobalSection(SolutionProperties) = preSolution
		HideSolutionNode = FALSE
	EndGlobalSection
	GlobalSection(ExtensibilityGlobals) = postSolution
		SolutionGuid = {EC3201FB-8140-4C52-93F5-5DA8CA149E98}
	EndGlobalSection
EndGlobal
